
Microsoft Visual Studio Solution File, Format Version 12.00
# Visual Studio Version 16
VisualStudioVersion = 16.0.29230.47
MinimumVisualStudioVersion = 10.0.40219.1
Project("{FAE04EC0-301F-11D3-BF4B-00C04F79EFBC}") = "LCDHM", "LCDHM\LCDHM.csproj", "{FE81C1BF-071F-43DA-B50E-F3B10865B37A}"
EndProject
Project("{2150E333-8FDC-42A3-9474-1A3956D46DE8}") = "Solution Items", "Solution Items", "{BBA092D1-2242-49ED-B63C-B6E40DEA7E8D}"
EndProject
Project("{54435603-DBB4-11D2-8724-00A0C9A8B90C}") = "LCD Hardware Monitor", "Instalador LCDHM\Instalador LCDHM.vdproj", "{C89CCE50-6590-40A5-BDE1-6E30A2462C56}"
EndProject
Project("{8BC9CEB8-8B4A-11D0-8D11-00A0C91BC942}") = "LCDHM ESP32 LORA V2", "LCDHM ESP32 LORA V2\LCDHM ESP32 LORA V2.vcxproj", "{C5F80730-F44F-4478-BDAE-6634EFC2CA88}"
EndProject
Global
	GlobalSection(SolutionConfigurationPlatforms) = preSolution
		Debug|x64 = Debug|x64
		Debug|x86 = Debug|x86
		Release|x64 = Release|x64
		Release|x86 = Release|x86
	EndGlobalSection
	GlobalSection(ProjectConfigurationPlatforms) = postSolution
		{FE81C1BF-071F-43DA-B50E-F3B10865B37A}.Debug|x64.ActiveCfg = Debug|x64
		{FE81C1BF-071F-43DA-B50E-F3B10865B37A}.Debug|x64.Build.0 = Debug|x64
		{FE81C1BF-071F-43DA-B50E-F3B10865B37A}.Debug|x86.ActiveCfg = Debug|x86
		{FE81C1BF-071F-43DA-B50E-F3B10865B37A}.Debug|x86.Build.0 = Debug|x86
		{FE81C1BF-071F-43DA-B50E-F3B10865B37A}.Release|x64.ActiveCfg = Release|x64
		{FE81C1BF-071F-43DA-B50E-F3B10865B37A}.Release|x64.Build.0 = Release|x64
		{FE81C1BF-071F-43DA-B50E-F3B10865B37A}.Release|x86.ActiveCfg = Release|x86
		{FE81C1BF-071F-43DA-B50E-F3B10865B37A}.Release|x86.Build.0 = Release|x86
		{C89CCE50-6590-40A5-BDE1-6E30A2462C56}.Debug|x64.ActiveCfg = Debug
		{C89CCE50-6590-40A5-BDE1-6E30A2462C56}.Debug|x86.ActiveCfg = Debug
		{C89CCE50-6590-40A5-BDE1-6E30A2462C56}.Release|x64.ActiveCfg = Release
		{C89CCE50-6590-40A5-BDE1-6E30A2462C56}.Release|x86.ActiveCfg = Release
		{C5F80730-F44F-4478-BDAE-6634EFC2CA88}.Debug|x64.ActiveCfg = Debug|Win32
		{C5F80730-F44F-4478-BDAE-6634EFC2CA88}.Debug|x86.ActiveCfg = Debug|Win32
		{C5F80730-F44F-4478-BDAE-6634EFC2CA88}.Debug|x86.Build.0 = Debug|Win32
		{C5F80730-F44F-4478-BDAE-6634EFC2CA88}.Release|x64.ActiveCfg = Release|Win32
		{C5F80730-F44F-4478-BDAE-6634EFC2CA88}.Release|x86.ActiveCfg = Release|Win32
		{C5F80730-F44F-4478-BDAE-6634EFC2CA88}.Release|x86.Build.0 = Release|Win32
	EndGlobalSection
	GlobalSection(SolutionProperties) = preSolution
		HideSolutionNode = FALSE
	EndGlobalSection
	GlobalSection(ExtensibilityGlobals) = postSolution
		SolutionGuid = {84FC26D3-58B3-4D11-BE71-3A9A9203B78F}
	EndGlobalSection
	GlobalSection(Performance) = preSolution
		HasPerformanceSessions = true
	EndGlobalSection
EndGlobal
